// !$*UTF8*$!
{
	archiveVersion = 1;
	classes = {
	};
	objectVersion = 46;
	objects = {

/* Begin PBXBuildFile section */
		F843B2C71DF7CE7400BFD66F /* AppDelegate.swift in Sources */ = {isa = PBXBuildFile; fileRef = F843B2C61DF7CE7400BFD66F /* AppDelegate.swift */; };
		F843B2C91DF7CE7400BFD66F /* ViewController.swift in Sources */ = {isa = PBXBuildFile; fileRef = F843B2C81DF7CE7400BFD66F /* ViewController.swift */; };
		F843B2CC1DF7CE7400BFD66F /* Main.storyboard in Resources */ = {isa = PBXBuildFile; fileRef = F843B2CA1DF7CE7400BFD66F /* Main.storyboard */; };
		F843B2CF1DF7CE7400BFD66F /* CoreDataWithTableView1.xcdatamodeld in Sources */ = {isa = PBXBuildFile; fileRef = F843B2CD1DF7CE7400BFD66F /* CoreDataWithTableView1.xcdatamodeld */; };
		F843B2D11DF7CE7400BFD66F /* Assets.xcassets in Resources */ = {isa = PBXBuildFile; fileRef = F843B2D01DF7CE7400BFD66F /* Assets.xcassets */; };
		F843B2D41DF7CE7400BFD66F /* LaunchScreen.storyboard in Resources */ = {isa = PBXBuildFile; fileRef = F843B2D21DF7CE7400BFD66F /* LaunchScreen.storyboard */; };
		F843B2DF1DF7CE7400BFD66F /* CoreDataWithTableView1Tests.swift in Sources */ = {isa = PBXBuildFile; fileRef = F843B2DE1DF7CE7400BFD66F /* CoreDataWithTableView1Tests.swift */; };
		F843B2EA1DF7CE7400BFD66F /* CoreDataWithTableView1UITests.swift in Sources */ = {isa = PBXBuildFile; fileRef = F843B2E91DF7CE7400BFD66F /* CoreDataWithTableView1UITests.swift */; };
/* End PBXBuildFile section */

/* Begin PBXContainerItemProxy section */
		F843B2DB1DF7CE7400BFD66F /* PBXContainerItemProxy */ = {
			isa = PBXContainerItemProxy;
			containerPortal = F843B2BB1DF7CE7400BFD66F /* Project object */;
			proxyType = 1;
			remoteGlobalIDString = F843B2C21DF7CE7400BFD66F;
			remoteInfo = CoreDataWithTableView1;
		};
		F843B2E61DF7CE7400BFD66F /* PBXContainerItemProxy */ = {
			isa = PBXContainerItemProxy;
			containerPortal = F843B2BB1DF7CE7400BFD66F /* Project object */;
			proxyType = 1;
			remoteGlobalIDString = F843B2C21DF7CE7400BFD66F;
			remoteInfo = CoreDataWithTableView1;
		};
/* End PBXContainerItemProxy section */

/* Begin PBXFileReference section */
		F843B2C31DF7CE7400BFD66F /* CoreDataWithTableView1.app */ = {isa = PBXFileReference; explicitFileType = wrapper.application; includeInIndex = 0; path = CoreDataWithTableView1.app; sourceTree = BUILT_PRODUCTS_DIR; };
		F843B2C61DF7CE7400BFD66F /* AppDelegate.swift */ = {isa = PBXFileReference; lastKnownFileType = sourcecode.swift; path = AppDelegate.swift; sourceTree = "<group>"; };
		F843B2C81DF7CE7400BFD66F /* ViewController.swift */ = {isa = PBXFileReference; lastKnownFileType = sourcecode.swift; path = ViewController.swift; sourceTree = "<group>"; };
		F843B2CB1DF7CE7400BFD66F /* Base */ = {isa = PBXFileReference; lastKnownFileType = file.storyboard; name = Base; path = Base.lproj/Main.storyboard; sourceTree = "<group>"; };
		F843B2CE1DF7CE7400BFD66F /* CoreDataWithTableView1.xcdatamodel */ = {isa = PBXFileReference; lastKnownFileType = wrapper.xcdatamodel; path = CoreDataWithTableView1.xcdatamodel; sourceTree = "<group>"; };
		F843B2D01DF7CE7400BFD66F /* Assets.xcassets */ = {isa = PBXFileReference; lastKnownFileType = folder.assetcatalog; path = Assets.xcassets; sourceTree = "<group>"; };
		F843B2D31DF7CE7400BFD66F /* Base */ = {isa = PBXFileReference; lastKnownFileType = file.storyboard; name = Base; path = Base.lproj/LaunchScreen.storyboard; sourceTree = "<group>"; };
		F843B2D51DF7CE7400BFD66F /* Info.plist */ = {isa = PBXFileReference; lastKnownFileType = text.plist.xml; path = Info.plist; sourceTree = "<group>"; };
		F843B2DA1DF7CE7400BFD66F /* CoreDataWithTableView1Tests.xctest */ = {isa = PBXFileReference; explicitFileType = wrapper.cfbundle; includeInIndex = 0; path = CoreDataWithTableView1Tests.xctest; sourceTree = BUILT_PRODUCTS_DIR; };
		F843B2DE1DF7CE7400BFD66F /* CoreDataWithTableView1Tests.swift */ = {isa = PBXFileReference; lastKnownFileType = sourcecode.swift; path = CoreDataWithTableView1Tests.swift; sourceTree = "<group>"; };
		F843B2E01DF7CE7400BFD66F /* Info.plist */ = {isa = PBXFileReference; lastKnownFileType = text.plist.xml; path = Info.plist; sourceTree = "<group>"; };
		F843B2E51DF7CE7400BFD66F /* CoreDataWithTableView1UITests.xctest */ = {isa = PBXFileReference; explicitFileType = wrapper.cfbundle; includeInIndex = 0; path = CoreDataWithTableView1UITests.xctest; sourceTree = BUILT_PRODUCTS_DIR; };
		F843B2E91DF7CE7400BFD66F /* CoreDataWithTableView1UITests.swift */ = {isa = PBXFileReference; lastKnownFileType = sourcecode.swift; path = CoreDataWithTableView1UITests.swift; sourceTree = "<group>"; };
		F843B2EB1DF7CE7400BFD66F /* Info.plist */ = {isa = PBXFileReference; lastKnownFileType = text.plist.xml; path = Info.plist; sourceTree = "<group>"; };
/* End PBXFileReference section */

/* Begin PBXFrameworksBuildPhase section */
		F843B2C01DF7CE7400BFD66F /* Frameworks */ = {
			isa = PBXFrameworksBuildPhase;
			buildActionMask = 2147483647;
			files = (
			);
			runOnlyForDeploymentPostprocessing = 0;
		};
		F843B2D71DF7CE7400BFD66F /* Frameworks */ = {
			isa = PBXFrameworksBuildPhase;
			buildActionMask = 2147483647;
			files = (
			);
			runOnlyForDeploymentPostprocessing = 0;
		};
		F843B2E21DF7CE7400BFD66F /* Frameworks */ = {
			isa = PBXFrameworksBuildPhase;
			buildActionMask = 2147483647;
			files = (
			);
			runOnlyForDeploymentPostprocessing = 0;
		};
/* End PBXFrameworksBuildPhase section */

/* Begin PBXGroup section */
		F843B2BA1DF7CE7400BFD66F = {
			isa = PBXGroup;
			children = (
				F843B2C51DF7CE7400BFD66F /* CoreDataWithTableView1 */,
				F843B2DD1DF7CE7400BFD66F /* CoreDataWithTableView1Tests */,
				F843B2E81DF7CE7400BFD66F /* CoreDataWithTableView1UITests */,
				F843B2C41DF7CE7400BFD66F /* Products */,
			);
			sourceTree = "<group>";
		};
		F843B2C41DF7CE7400BFD66F /* Products */ = {
			isa = PBXGroup;
			children = (
				F843B2C31DF7CE7400BFD66F /* CoreDataWithTableView1.app */,
				F843B2DA1DF7CE7400BFD66F /* CoreDataWithTableView1Tests.xctest */,
				F843B2E51DF7CE7400BFD66F /* CoreDataWithTableView1UITests.xctest */,
			);
			name = Products;
			sourceTree = "<group>";
		};
		F843B2C51DF7CE7400BFD66F /* CoreDataWithTableView1 */ = {
			isa = PBXGroup;
			children = (
				F843B2C61DF7CE7400BFD66F /* AppDelegate.swift */,
				F843B2C81DF7CE7400BFD66F /* ViewController.swift */,
				F843B2CA1DF7CE7400BFD66F /* Main.storyboard */,
				F843B2D01DF7CE7400BFD66F /* Assets.xcassets */,
				F843B2D21DF7CE7400BFD66F /* LaunchScreen.storyboard */,
				F843B2D51DF7CE7400BFD66F /* Info.plist */,
				F843B2CD1DF7CE7400BFD66F /* CoreDataWithTableView1.xcdatamodeld */,
			);
			path = CoreDataWithTableView1;
			sourceTree = "<group>";
		};
		F843B2DD1DF7CE7400BFD66F /* CoreDataWithTableView1Tests */ = {
			isa = PBXGroup;
			children = (
				F843B2DE1DF7CE7400BFD66F /* CoreDataWithTableView1Tests.swift */,
				F843B2E01DF7CE7400BFD66F /* Info.plist */,
			);
			path = CoreDataWithTableView1Tests;
			sourceTree = "<group>";
		};
		F843B2E81DF7CE7400BFD66F /* CoreDataWithTableView1UITests */ = {
			isa = PBXGroup;
			children = (
				F843B2E91DF7CE7400BFD66F /* CoreDataWithTableView1UITests.swift */,
				F843B2EB1DF7CE7400BFD66F /* Info.plist */,
			);
			path = CoreDataWithTableView1UITests;
			sourceTree = "<group>";
		};
/* End PBXGroup section */

/* Begin PBXNativeTarget section */
		F843B2C21DF7CE7400BFD66F /* CoreDataWithTableView1 */ = {
			isa = PBXNativeTarget;
			buildConfigurationList = F843B2EE1DF7CE7400BFD66F /* Build configuration list for PBXNativeTarget "CoreDataWithTableView1" */;
			buildPhases = (
				F843B2BF1DF7CE7400BFD66F /* Sources */,
				F843B2C01DF7CE7400BFD66F /* Frameworks */,
				F843B2C11DF7CE7400BFD66F /* Resources */,
			);
			buildRules = (
			);
			dependencies = (
			);
			name = CoreDataWithTableView1;
			productName = CoreDataWithTableView1;
			productReference = F843B2C31DF7CE7400BFD66F /* CoreDataWithTableView1.app */;
			productType = "com.apple.product-type.application";
		};
		F843B2D91DF7CE7400BFD66F /* CoreDataWithTableView1Tests */ = {
			isa = PBXNativeTarget;
			buildConfigurationList = F843B2F11DF7CE7400BFD66F /* Build configuration list for PBXNativeTarget "CoreDataWithTableView1Tests" */;
			buildPhases = (
				F843B2D61DF7CE7400BFD66F /* Sources */,
				F843B2D71DF7CE7400BFD66F /* Frameworks */,
				F843B2D81DF7CE7400BFD66F /* Resources */,
			);
			buildRules = (
			);
			dependencies = (
				F843B2DC1DF7CE7400BFD66F /* PBXTargetDependency */,
			);
			name = CoreDataWithTableView1Tests;
			productName = CoreDataWithTableView1Tests;
			productReference = F843B2DA1DF7CE7400BFD66F /* CoreDataWithTableView1Tests.xctest */;
			productType = "com.apple.product-type.bundle.unit-test";
		};
		F843B2E41DF7CE7400BFD66F /* CoreDataWithTableView1UITests */ = {
			isa = PBXNativeTarget;
			buildConfigurationList = F843B2F41DF7CE7400BFD66F /* Build configuration list for PBXNativeTarget "CoreDataWithTableView1UITests" */;
			buildPhases = (
				F843B2E11DF7CE7400BFD66F /* Sources */,
				F843B2E21DF7CE7400BFD66F /* Frameworks */,
				F843B2E31DF7CE7400BFD66F /* Resources */,
			);
			buildRules = (
			);
			dependencies = (
				F843B2E71DF7CE7400BFD66F /* PBXTargetDependency */,
			);
			name = CoreDataWithTableView1UITests;
			productName = CoreDataWithTableView1UITests;
			productReference = F843B2E51DF7CE7400BFD66F /* CoreDataWithTableView1UITests.xctest */;
			productType = "com.apple.product-type.bundle.ui-testing";
		};
/* End PBXNativeTarget section */

/* Begin PBXProject section */
		F843B2BB1DF7CE7400BFD66F /* Project object */ = {
			isa = PBXProject;
			attributes = {
				LastSwiftUpdateCheck = 0810;
				LastUpgradeCheck = 0810;
				ORGANIZATIONNAME = "Apple Inc.";
				TargetAttributes = {
					F843B2C21DF7CE7400BFD66F = {
						CreatedOnToolsVersion = 8.1;
						ProvisioningStyle = Automatic;
					};
					F843B2D91DF7CE7400BFD66F = {
						CreatedOnToolsVersion = 8.1;
						ProvisioningStyle = Automatic;
						TestTargetID = F843B2C21DF7CE7400BFD66F;
					};
					F843B2E41DF7CE7400BFD66F = {
						CreatedOnToolsVersion = 8.1;
						ProvisioningStyle = Automatic;
						TestTargetID = F843B2C21DF7CE7400BFD66F;
					};
				};
			};
			buildConfigurationList = F843B2BE1DF7CE7400BFD66F /* Build configuration list for PBXProject "CoreDataWithTableView1" */;
			compatibilityVersion = "Xcode 3.2";
			developmentRegion = English;
			hasScannedForEncodings = 0;
			knownRegions = (
				en,
				Base,
			);
			mainGroup = F843B2BA1DF7CE7400BFD66F;
			productRefGroup = F843B2C41DF7CE7400BFD66F /* Products */;
			projectDirPath = "";
			projectRoot = "";
			targets = (
				F843B2C21DF7CE7400BFD66F /* CoreDataWithTableView1 */,
				F843B2D91DF7CE7400BFD66F /* CoreDataWithTableView1Tests */,
				F843B2E41DF7CE7400BFD66F /* CoreDataWithTableView1UITests */,
			);
		};
/* End PBXProject section */

/* Begin PBXResourcesBuildPhase section */
		F843B2C11DF7CE7400BFD66F /* Resources */ = {
			isa = PBXResourcesBuildPhase;
			buildActionMask = 2147483647;
			files = (
				F843B2D41DF7CE7400BFD66F /* LaunchScreen.storyboard in Resources */,
				F843B2D11DF7CE7400BFD66F /* Assets.xcassets in Resources */,
				F843B2CC1DF7CE7400BFD66F /* Main.storyboard in Resources */,
			);
			runOnlyForDeploymentPostprocessing = 0;
		};
		F843B2D81DF7CE7400BFD66F /* Resources */ = {
			isa = PBXResourcesBuildPhase;
			buildActionMask = 2147483647;
			files = (
			);
			runOnlyForDeploymentPostprocessing = 0;
		};
		F843B2E31DF7CE7400BFD66F /* Resources */ = {
			isa = PBXResourcesBuildPhase;
			buildActionMask = 2147483647;
			files = (
			);
			runOnlyForDeploymentPostprocessing = 0;
		};
/* End PBXResourcesBuildPhase section */

/* Begin PBXSourcesBuildPhase section */
		F843B2BF1DF7CE7400BFD66F /* Sources */ = {
			isa = PBXSourcesBuildPhase;
			buildActionMask = 2147483647;
			files = (
				F843B2C91DF7CE7400BFD66F /* ViewController.swift in Sources */,
				F843B2CF1DF7CE7400BFD66F /* CoreDataWithTableView1.xcdatamodeld in Sources */,
				F843B2C71DF7CE7400BFD66F /* AppDelegate.swift in Sources */,
			);
			runOnlyForDeploymentPostprocessing = 0;
		};
		F843B2D61DF7CE7400BFD66F /* Sources */ = {
			isa = PBXSourcesBuildPhase;
			buildActionMask = 2147483647;
			files = (
				F843B2DF1DF7CE7400BFD66F /* CoreDataWithTableView1Tests.swift in Sources */,
			);
			runOnlyForDeploymentPostprocessing = 0;
		};
		F843B2E11DF7CE7400BFD66F /* Sources */ = {
			isa = PBXSourcesBuildPhase;
			buildActionMask = 2147483647;
			files = (
				F843B2EA1DF7CE7400BFD66F /* CoreDataWithTableView1UITests.swift in Sources */,
			);
			runOnlyForDeploymentPostprocessing = 0;
		};
/* End PBXSourcesBuildPhase section */

/* Begin PBXTargetDependency section */
		F843B2DC1DF7CE7400BFD66F /* PBXTargetDependency */ = {
			isa = PBXTargetDependency;
			target = F843B2C21DF7CE7400BFD66F /* CoreDataWithTableView1 */;
			targetProxy = F843B2DB1DF7CE7400BFD66F /* PBXContainerItemProxy */;
		};
		F843B2E71DF7CE7400BFD66F /* PBXTargetDependency */ = {
			isa = PBXTargetDependency;
			target = F843B2C21DF7CE7400BFD66F /* CoreDataWithTableView1 */;
			targetProxy = F843B2E61DF7CE7400BFD66F /* PBXContainerItemProxy */;
		};
/* End PBXTargetDependency section */

/* Begin PBXVariantGroup section */
		F843B2CA1DF7CE7400BFD66F /* Main.storyboard */ = {
			isa = PBXVariantGroup;
			children = (
				F843B2CB1DF7CE7400BFD66F /* Base */,
			);
			name = Main.storyboard;
			sourceTree = "<group>";
		};
		F843B2D21DF7CE7400BFD66F /* LaunchScreen.storyboard */ = {
			isa = PBXVariantGroup;
			children = (
				F843B2D31DF7CE7400BFD66F /* Base */,
			);
			name = LaunchScreen.storyboard;
			sourceTree = "<group>";
		};
/* End PBXVariantGroup section */

/* Begin XCBuildConfiguration section */
		F843B2EC1DF7CE7400BFD66F /* Debug */ = {
			isa = XCBuildConfiguration;
			buildSettings = {
				ALWAYS_SEARCH_USER_PATHS = NO;
				CLANG_ANALYZER_NONNULL = YES;
				CLANG_CXX_LANGUAGE_STANDARD = "gnu++0x";
				CLANG_CXX_LIBRARY = "libc++";
				CLANG_ENABLE_MODULES = YES;
				CLANG_ENABLE_OBJC_ARC = YES;
				CLANG_WARN_BOOL_CONVERSION = YES;
				CLANG_WARN_CONSTANT_CONVERSION = YES;
				CLANG_WARN_DIRECT_OBJC_ISA_USAGE = YES_ERROR;
				CLANG_WARN_DOCUMENTATION_COMMENTS = YES;
				CLANG_WARN_EMPTY_BODY = YES;
				CLANG_WARN_ENUM_CONVERSION = YES;
				CLANG_WARN_INFINITE_RECURSION = YES;
				CLANG_WARN_INT_CONVERSION = YES;
				CLANG_WARN_OBJC_ROOT_CLASS = YES_ERROR;
				CLANG_WARN_SUSPICIOUS_MOVES = YES;
				CLANG_WARN_UNREACHABLE_CODE = YES;
				CLANG_WARN__DUPLICATE_METHOD_MATCH = YES;
				"CODE_SIGN_IDENTITY[sdk=iphoneos*]" = "iPhone Developer";
				COPY_PHASE_STRIP = NO;
				DEBUG_INFORMATION_FORMAT = dwarf;
				ENABLE_STRICT_OBJC_MSGSEND = YES;
				ENABLE_TESTABILITY = YES;
				GCC_C_LANGUAGE_STANDARD = gnu99;
				GCC_DYNAMIC_NO_PIC = NO;
				GCC_NO_COMMON_BLOCKS = YES;
				GCC_OPTIMIZATION_LEVEL = 0;
				GCC_PREPROCESSOR_DEFINITIONS = (
					"DEBUG=1",
					"$(inherited)",
				);
				GCC_WARN_64_TO_32_BIT_CONVERSION = YES;
				GCC_WARN_ABOUT_RETURN_TYPE = YES_ERROR;
				GCC_WARN_UNDECLARED_SELECTOR = YES;
				GCC_WARN_UNINITIALIZED_AUTOS = YES_AGGRESSIVE;
				GCC_WARN_UNUSED_FUNCTION = YES;
				GCC_WARN_UNUSED_VARIABLE = YES;
				IPHONEOS_DEPLOYMENT_TARGET = 10.1;
				MTL_ENABLE_DEBUG_INFO = YES;
				ONLY_ACTIVE_ARCH = YES;
				SDKROOT = iphoneos;
				SWIFT_ACTIVE_COMPILATION_CONDITIONS = DEBUG;
				SWIFT_OPTIMIZATION_LEVEL = "-Onone";
				TARGETED_DEVICE_FAMILY = "1,2";
			};
			name = Debug;
		};
		F843B2ED1DF7CE7400BFD66F /* Release */ = {
			isa = XCBuildConfiguration;
			buildSettings = {
				ALWAYS_SEARCH_USER_PATHS = NO;
				CLANG_ANALYZER_NONNULL = YES;
				CLANG_CXX_LANGUAGE_STANDARD = "gnu++0x";
				CLANG_CXX_LIBRARY = "libc++";
				CLANG_ENABLE_MODULES = YES;
				CLANG_ENABLE_OBJC_ARC = YES;
				CLANG_WARN_BOOL_CONVERSION = YES;
				CLANG_WARN_CONSTANT_CONVERSION = YES;
				CLANG_WARN_DIRECT_OBJC_ISA_USAGE = YES_ERROR;
				CLANG_WARN_DOCUMENTATION_COMMENTS = YES;
				CLANG_WARN_EMPTY_BODY = YES;
				CLANG_WARN_ENUM_CONVERSION = YES;
				CLANG_WARN_INFINITE_RECURSION = YES;
				CLANG_WARN_INT_CONVERSION = YES;
				CLANG_WARN_OBJC_ROOT_CLASS = YES_ERROR;
				CLANG_WARN_SUSPICIOUS_MOVES = YES;
				CLANG_WARN_UNREACHABLE_CODE = YES;
				CLANG_WARN__DUPLICATE_METHOD_MATCH = YES;
				"CODE_SIGN_IDENTITY[sdk=iphoneos*]" = "iPhone Developer";
				COPY_PHASE_STRIP = NO;
				DEBUG_INFORMATION_FORMAT = "dwarf-with-dsym";
				ENABLE_NS_ASSERTIONS = NO;
				ENABLE_STRICT_OBJC_MSGSEND = YES;
				GCC_C_LANGUAGE_STANDARD = gnu99;
				GCC_NO_COMMON_BLOCKS = YES;
				GCC_WARN_64_TO_32_BIT_CONVERSION = YES;
				GCC_WARN_ABOUT_RETURN_TYPE = YES_ERROR;
				GCC_WARN_UNDECLARED_SELECTOR = YES;
				GCC_WARN_UNINITIALIZED_AUTOS = YES_AGGRESSIVE;
				GCC_WARN_UNUSED_FUNCTION = YES;
				GCC_WARN_UNUSED_VARIABLE = YES;
				IPHONEOS_DEPLOYMENT_TARGET = 10.1;
				MTL_ENABLE_DEBUG_INFO = NO;
				SDKROOT = iphoneos;
				SWIFT_OPTIMIZATION_LEVEL = "-Owholemodule";
				TARGETED_DEVICE_FAMILY = "1,2";
				VALIDATE_PRODUCT = YES;
			};
			name = Release;
		};
		F843B2EF1DF7CE7400BFD66F /* Debug */ = {
			isa = XCBuildConfiguration;
			buildSettings = {
				ASSETCATALOG_COMPILER_APPICON_NAME = AppIcon;
				INFOPLIST_FILE = CoreDataWithTableView1/Info.plist;
				LD_RUNPATH_SEARCH_PATHS = "$(inherited) @executable_path/Frameworks";
				PRODUCT_BUNDLE_IDENTIFIER = com.cheyo.CoreDataWithTableView1;
				PRODUCT_NAME = "$(TARGET_NAME)";
				SWIFT_VERSION = 3.0;
			};
			name = Debug;
		};
		F843B2F01DF7CE7400BFD66F /* Release */ = {
			isa = XCBuildConfiguration;
			buildSettings = {
				ASSETCATALOG_COMPILER_APPICON_NAME = AppIcon;
				INFOPLIST_FILE = CoreDataWithTableView1/Info.plist;
				LD_RUNPATH_SEARCH_PATHS = "$(inherited) @executable_path/Frameworks";
				PRODUCT_BUNDLE_IDENTIFIER = com.cheyo.CoreDataWithTableView1;
				PRODUCT_NAME = "$(TARGET_NAME)";
				SWIFT_VERSION = 3.0;
			};
			name = Release;
		};
		F843B2F21DF7CE7400BFD66F /* Debug */ = {
			isa = XCBuildConfiguration;
			buildSettings = {
				ALWAYS_EMBED_SWIFT_STANDARD_LIBRARIES = YES;
				BUNDLE_LOADER = "$(TEST_HOST)";
				INFOPLIST_FILE = CoreDataWithTableView1Tests/Info.plist;
				LD_RUNPATH_SEARCH_PATHS = "$(inherited) @executable_path/Frameworks @loader_path/Frameworks";
				PRODUCT_BUNDLE_IDENTIFIER = com.cheyo.CoreDataWithTableView1Tests;
				PRODUCT_NAME = "$(TARGET_NAME)";
				SWIFT_VERSION = 3.0;
				TEST_HOST = "$(BUILT_PRODUCTS_DIR)/CoreDataWithTableView1.app/CoreDataWithTableView1";
			};
			name = Debug;
		};
		F843B2F31DF7CE7400BFD66F /* Release */ = {
			isa = XCBuildConfiguration;
			buildSettings = {
				ALWAYS_EMBED_SWIFT_STANDARD_LIBRARIES = YES;
				BUNDLE_LOADER = "$(TEST_HOST)";
				INFOPLIST_FILE = CoreDataWithTableView1Tests/Info.plist;
				LD_RUNPATH_SEARCH_PATHS = "$(inherited) @executable_path/Frameworks @loader_path/Frameworks";
				PRODUCT_BUNDLE_IDENTIFIER = com.cheyo.CoreDataWithTableView1Tests;
				PRODUCT_NAME = "$(TARGET_NAME)";
				SWIFT_VERSION = 3.0;
				TEST_HOST = "$(BUILT_PRODUCTS_DIR)/CoreDataWithTableView1.app/CoreDataWithTableView1";
			};
			name = Release;
		};
		F843B2F51DF7CE7400BFD66F /* Debug */ = {
			isa = XCBuildConfiguration;
			buildSettings = {
				ALWAYS_EMBED_SWIFT_STANDARD_LIBRARIES = YES;
				INFOPLIST_FILE = CoreDataWithTableView1UITests/Info.plist;
				LD_RUNPATH_SEARCH_PATHS = "$(inherited) @executable_path/Frameworks @loader_path/Frameworks";
				PRODUCT_BUNDLE_IDENTIFIER = com.cheyo.CoreDataWithTableView1UITests;
				PRODUCT_NAME = "$(TARGET_NAME)";
				SWIFT_VERSION = 3.0;
				TEST_TARGET_NAME = CoreDataWithTableView1;
			};
			name = Debug;
		};
		F843B2F61DF7CE7400BFD66F /* Release */ = {
			isa = XCBuildConfiguration;
			buildSettings = {
				ALWAYS_EMBED_SWIFT_STANDARD_LIBRARIES = YES;
				INFOPLIST_FILE = CoreDataWithTableView1UITests/Info.plist;
				LD_RUNPATH_SEARCH_PATHS = "$(inherited) @executable_path/Frameworks @loader_path/Frameworks";
				PRODUCT_BUNDLE_IDENTIFIER = com.cheyo.CoreDataWithTableView1UITests;
				PRODUCT_NAME = "$(TARGET_NAME)";
				SWIFT_VERSION = 3.0;
				TEST_TARGET_NAME = CoreDataWithTableView1;
			};
			name = Release;
		};
/* End XCBuildConfiguration section */

/* Begin XCConfigurationList section */
		F843B2BE1DF7CE7400BFD66F /* Build configuration list for PBXProject "CoreDataWithTableView1" */ = {
			isa = XCConfigurationList;
			buildConfigurations = (
				F843B2EC1DF7CE7400BFD66F /* Debug */,
				F843B2ED1DF7CE7400BFD66F /* Release */,
			);
			defaultConfigurationIsVisible = 0;
			defaultConfigurationName = Release;
		};
		F843B2EE1DF7CE7400BFD66F /* Build configuration list for PBXNativeTarget "CoreDataWithTableView1" */ = {
			isa = XCConfigurationList;
			buildConfigurations = (
				F843B2EF1DF7CE7400BFD66F /* Debug */,
				F843B2F01DF7CE7400BFD66F /* Release */,
			);
			defaultConfigurationIsVisible = 0;
		};
		F843B2F11DF7CE7400BFD66F /* Build configuration list for PBXNativeTarget "CoreDataWithTableView1Tests" */ = {
			isa = XCConfigurationList;
			buildConfigurations = (
				F843B2F21DF7CE7400BFD66F /* Debug */,
				F843B2F31DF7CE7400BFD66F /* Release */,
			);
			defaultConfigurationIsVisible = 0;
		};
		F843B2F41DF7CE7400BFD66F /* Build configuration list for PBXNativeTarget "CoreDataWithTableView1UITests" */ = {
			isa = XCConfigurationList;
			buildConfigurations = (
				F843B2F51DF7CE7400BFD66F /* Debug */,
				F843B2F61DF7CE7400BFD66F /* Release */,
			);
			defaultConfigurationIsVisible = 0;
		};
/* End XCConfigurationList section */

/* Begin XCVersionGroup section */
		F843B2CD1DF7CE7400BFD66F /* CoreDataWithTableView1.xcdatamodeld */ = {
			isa = XCVersionGroup;
			children = (
				F843B2CE1DF7CE7400BFD66F /* CoreDataWithTableView1.xcdatamodel */,
			);
			currentVersion = F843B2CE1DF7CE7400BFD66F /* CoreDataWithTableView1.xcdatamodel */;
			path = CoreDataWithTableView1.xcdatamodeld;
			sourceTree = "<group>";
			versionGroupType = wrapper.xcdatamodel;
		};
/* End XCVersionGroup section */
	};
	rootObject = F843B2BB1DF7CE7400BFD66F /* Project object */;
}
